<?xml version="1.0" encoding="utf-8"?>
<Project ToolsVersion="4.0" xmlns="http://schemas.microsoft.com/developer/msbuild/2003">
  <ItemGroup>
    <Filter Include="Source Files">
      <UniqueIdentifier>{4FC737F1-C7A5-4376-A066-2A32D752A2FF}</UniqueIdentifier>
      <Extensions>cpp;c;cc;cxx;def;odl;idl;hpj;bat;asm;asmx</Extensions>
    </Filter>
    <Filter Include="Header Files">
      <UniqueIdentifier>{93995380-89BD-4b04-88EB-625FBE52EBFB}</UniqueIdentifier>
      <Extensions>h;hh;hpp;hxx;hm;inl;inc;xsd</Extensions>
    </Filter>
    <Filter Include="Resource Files">
      <UniqueIdentifier>{67DA6AB6-F800-4c08-8B7A-83BB121AAD01}</UniqueIdentifier>
      <Extensions>rc;ico;cur;bmp;dlg;rc2;rct;bin;rgs;gif;jpg;jpeg;jpe;resx;tiff;tif;png;wav;mfcribbon-ms</Extensions>
    </Filter>
  </ItemGroup>
  <ItemGroup>
    <ClCompile Include="CMachineDataConfiguration.cpp">
      <Filter>Source Files</Filter>
    </ClCompile>
    <ClCompile Include="CAlert.cpp">
      <Filter>Source Files</Filter>
    </ClCompile>
    <ClCompile Include="CServerAppLogic.cpp">
      <Filter>Source Files</Filter>
    </ClCompile>
    <ClCompile Include="..\common\CDBMachineData.cpp">
      <Filter>Source Files</Filter>
    </ClCompile>
    <ClCompile Include="..\common\CMachineData.cpp">
      <Filter>Source Files</Filter>
    </ClCompile>
    <ClCompile Include="..\common\CMachineDataInterface.cpp">
      <Filter>Source Files</Filter>
    </ClCompile>
    <ClCompile Include="..\common\CMachineDataLinux.cpp">
      <Filter>Source Files</Filter>
    </ClCompile>
    <ClCompile Include="..\common\CMachineDataWindows.cpp">
      <Filter>Source Files</Filter>
    </ClCompile>
    <ClCompile Include="main.cpp">
      <Filter>Source Files</Filter>
    </ClCompile>
    <ClCompile Include="CEmail.cpp">
      <Filter>Source Files</Filter>
    </ClCompile>
    <ClCompile Include="CServerConnection.cpp">
      <Filter>Source Files</Filter>
    </ClCompile>
    <ClCompile Include="CClientData.cpp">
      <Filter>Source Files</Filter>
    </ClCompile>
  </ItemGroup>
  <ItemGroup>
    <ClInclude Include="CMachineDataConfiguration.h">
      <Filter>Header Files</Filter>
    </ClInclude>
    <ClInclude Include="CAlert.h">
      <Filter>Header Files</Filter>
    </ClInclude>
    <ClInclude Include="CServerAppLogic.h">
      <Filter>Header Files</Filter>
    </ClInclude>
    <ClInclude Include="..\common\CDBMachineData.h">
      <Filter>Header Files</Filter>
    </ClInclude>
    <ClInclude Include="..\common\CMachineData.h">
      <Filter>Header Files</Filter>
    </ClInclude>
    <ClInclude Include="..\common\CMachineDataInterface.h">
      <Filter>Header Files</Filter>
    </ClInclude>
    <ClInclude Include="..\common\CMachineDataLinux.h">
      <Filter>Header Files</Filter>
    </ClInclude>
    <ClInclude Include="..\common\CMachineDataWindows.h">
      <Filter>Header Files</Filter>
    </ClInclude>
    <ClInclude Include="..\common\Singleton.h">
      <Filter>Header Files</Filter>
    </ClInclude>
    <ClInclude Include="CEmail.h">
      <Filter>Header Files</Filter>
    </ClInclude>
    <ClInclude Include="CServerConnection.h">
      <Filter>Header Files</Filter>
    </ClInclude>
    <ClInclude Include="CClientData.h">
      <Filter>Header Files</Filter>
    </ClInclude>
    <ClInclude Include="CConcurrentQueue.h">
      <Filter>Header Files</Filter>
    </ClInclude>
  </ItemGroup>
  <ItemGroup>
    <Xml Include="clients-data.xml" />
  </ItemGroup>
</Project>